
Microsoft Visual Studio Solution File, Format Version 12.00
# Visual Studio Version 16
VisualStudioVersion = 16.0.30114.105
MinimumVisualStudioVersion = 10.0.40219.1
Project("{FAE04EC0-301F-11D3-BF4B-00C04F79EFBC}") = "Breakfast", "Breakfast\Breakfast.csproj", "{F4B4B276-6915-4ED1-A82E-A24A7D357393}"
EndProject
Project("{FAE04EC0-301F-11D3-BF4B-00C04F79EFBC}") = "Breakfast.Contracts", "Breakfast.Contracts\Breakfast.Contracts.csproj", "{D7966696-3F61-4259-BA68-1000D981CAB6}"
EndProject
Global
	GlobalSection(SolutionConfigurationPlatforms) = preSolution
		Debug|Any CPU = Debug|Any CPU
		Release|Any CPU = Release|Any CPU
	EndGlobalSection
	GlobalSection(SolutionProperties) = preSolution
		HideSolutionNode = FALSE
	EndGlobalSection
	GlobalSection(ProjectConfigurationPlatforms) = postSolution
		{F4B4B276-6915-4ED1-A82E-A24A7D357393}.Debug|Any CPU.ActiveCfg = Debug|Any CPU
		{F4B4B276-6915-4ED1-A82E-A24A7D357393}.Debug|Any CPU.Build.0 = Debug|Any CPU
		{F4B4B276-6915-4ED1-A82E-A24A7D357393}.Release|Any CPU.ActiveCfg = Release|Any CPU
		{F4B4B276-6915-4ED1-A82E-A24A7D357393}.Release|Any CPU.Build.0 = Release|Any CPU
		{D7966696-3F61-4259-BA68-1000D981CAB6}.Debug|Any CPU.ActiveCfg = Debug|Any CPU
		{D7966696-3F61-4259-BA68-1000D981CAB6}.Debug|Any CPU.Build.0 = Debug|Any CPU
		{D7966696-3F61-4259-BA68-1000D981CAB6}.Release|Any CPU.ActiveCfg = Release|Any CPU
		{D7966696-3F61-4259-BA68-1000D981CAB6}.Release|Any CPU.Build.0 = Release|Any CPU
	EndGlobalSection
EndGlobal
